
Microsoft Visual Studio Solution File, Format Version 12.00
# Visual Studio Version 17
VisualStudioVersion = 17.2.32616.157
MinimumVisualStudioVersion = 10.0.40219.1
Project("{FAE04EC0-301F-11D3-BF4B-00C04F79EFBC}") = "proje_arsiv", "proje_arsiv\proje_arsiv.csproj", "{D9CD8CFF-B39E-4518-AE32-670286D09BB5}"
EndProject
Global
	GlobalSection(SolutionConfigurationPlatforms) = preSolution
		Debug|Any CPU = Debug|Any CPU
		Release|Any CPU = Release|Any CPU
	EndGlobalSection
	GlobalSection(ProjectConfigurationPlatforms) = postSolution
		{D9CD8CFF-B39E-4518-AE32-670286D09BB5}.Debug|Any CPU.ActiveCfg = Debug|Any CPU
		{D9CD8CFF-B39E-4518-AE32-670286D09BB5}.Debug|Any CPU.Build.0 = Debug|Any CPU
		{D9CD8CFF-B39E-4518-AE32-670286D09BB5}.Release|Any CPU.ActiveCfg = Release|Any CPU
		{D9CD8CFF-B39E-4518-AE32-670286D09BB5}.Release|Any CPU.Build.0 = Release|Any CPU
	EndGlobalSection
	GlobalSection(SolutionProperties) = preSolution
		HideSolutionNode = FALSE
	EndGlobalSection
	GlobalSection(ExtensibilityGlobals) = postSolution
		SolutionGuid = {D9DD2F4C-B084-4A12-BE15-654D7EAF33D5}
	EndGlobalSection
EndGlobal
